
Microsoft Visual Studio Solution File, Format Version 12.00
# Visual Studio Version 16
VisualStudioVersion = 16.0.29020.237
MinimumVisualStudioVersion = 10.0.40219.1
Project("{FAE04EC0-301F-11D3-BF4B-00C04F79EFBC}") = "CoronaSpreadViewerOld", "CoronaSpreadViewerOld\CoronaSpreadViewerOld.csproj", "{0F208BEC-2851-4D13-A09F-560CBC1FDAD6}"
EndProject
Project("{9A19103F-16F7-4668-BE54-9A1E7A4F7556}") = "Backend", "Backend\Backend.csproj", "{73FB3627-DFF5-448F-A39A-6B71B80A867E}"
EndProject
Project("{2150E333-8FDC-42A3-9474-1A3956D46DE8}") = "Config", "Config", "{F1A13FEF-7B0E-42D0-9576-4E370117F5B1}"
	ProjectSection(SolutionItems) = preProject
		Development.config = Development.config
		HostMap.config = HostMap.config
		Production.config = Production.config
	EndProjectSection
EndProject
Project("{9A19103F-16F7-4668-BE54-9A1E7A4F7556}") = "Updater", "Updater\Updater.csproj", "{748B85B0-77E5-4CCA-BCC2-326A6CE835CC}"
EndProject
Project("{9A19103F-16F7-4668-BE54-9A1E7A4F7556}") = "BackendTest", "BackendTest\BackendTest.csproj", "{E9352D90-84EE-439E-9B10-DDAD6A0ED6A2}"
EndProject
Project("{9A19103F-16F7-4668-BE54-9A1E7A4F7556}") = "ScalableVectorGraphic", "ScalableVectorGraphic\ScalableVectorGraphic.csproj", "{BF7F73F9-8B4B-4971-BCEA-5CB833EF91E5}"
EndProject
Project("{9A19103F-16F7-4668-BE54-9A1E7A4F7556}") = "ScalableVectorGraphicTest", "ScalableVectorGraphicTest\ScalableVectorGraphicTest.csproj", "{712DD91B-3DFC-4425-B132-22B9E6A50A4B}"
EndProject
Project("{9A19103F-16F7-4668-BE54-9A1E7A4F7556}") = "Math", "Math\Math.csproj", "{97B25C89-4B52-42D5-95D3-7CA182755740}"
EndProject
Project("{9A19103F-16F7-4668-BE54-9A1E7A4F7556}") = "MathTest", "MathTest\MathTest.csproj", "{6B7D0D64-F000-415F-9F81-445742C5529D}"
EndProject
Global
	GlobalSection(SolutionConfigurationPlatforms) = preSolution
		Debug|Any CPU = Debug|Any CPU
		Release|Any CPU = Release|Any CPU
	EndGlobalSection
	GlobalSection(ProjectConfigurationPlatforms) = postSolution
		{0F208BEC-2851-4D13-A09F-560CBC1FDAD6}.Debug|Any CPU.ActiveCfg = Debug|Any CPU
		{0F208BEC-2851-4D13-A09F-560CBC1FDAD6}.Debug|Any CPU.Build.0 = Debug|Any CPU
		{0F208BEC-2851-4D13-A09F-560CBC1FDAD6}.Release|Any CPU.ActiveCfg = Release|Any CPU
		{0F208BEC-2851-4D13-A09F-560CBC1FDAD6}.Release|Any CPU.Build.0 = Release|Any CPU
		{73FB3627-DFF5-448F-A39A-6B71B80A867E}.Debug|Any CPU.ActiveCfg = Debug|Any CPU
		{73FB3627-DFF5-448F-A39A-6B71B80A867E}.Debug|Any CPU.Build.0 = Debug|Any CPU
		{73FB3627-DFF5-448F-A39A-6B71B80A867E}.Release|Any CPU.ActiveCfg = Release|Any CPU
		{73FB3627-DFF5-448F-A39A-6B71B80A867E}.Release|Any CPU.Build.0 = Release|Any CPU
		{748B85B0-77E5-4CCA-BCC2-326A6CE835CC}.Debug|Any CPU.ActiveCfg = Debug|Any CPU
		{748B85B0-77E5-4CCA-BCC2-326A6CE835CC}.Debug|Any CPU.Build.0 = Debug|Any CPU
		{748B85B0-77E5-4CCA-BCC2-326A6CE835CC}.Release|Any CPU.ActiveCfg = Release|Any CPU
		{748B85B0-77E5-4CCA-BCC2-326A6CE835CC}.Release|Any CPU.Build.0 = Release|Any CPU
		{E9352D90-84EE-439E-9B10-DDAD6A0ED6A2}.Debug|Any CPU.ActiveCfg = Debug|Any CPU
		{E9352D90-84EE-439E-9B10-DDAD6A0ED6A2}.Debug|Any CPU.Build.0 = Debug|Any CPU
		{E9352D90-84EE-439E-9B10-DDAD6A0ED6A2}.Release|Any CPU.ActiveCfg = Release|Any CPU
		{E9352D90-84EE-439E-9B10-DDAD6A0ED6A2}.Release|Any CPU.Build.0 = Release|Any CPU
		{BF7F73F9-8B4B-4971-BCEA-5CB833EF91E5}.Debug|Any CPU.ActiveCfg = Debug|Any CPU
		{BF7F73F9-8B4B-4971-BCEA-5CB833EF91E5}.Debug|Any CPU.Build.0 = Debug|Any CPU
		{BF7F73F9-8B4B-4971-BCEA-5CB833EF91E5}.Release|Any CPU.ActiveCfg = Release|Any CPU
		{BF7F73F9-8B4B-4971-BCEA-5CB833EF91E5}.Release|Any CPU.Build.0 = Release|Any CPU
		{712DD91B-3DFC-4425-B132-22B9E6A50A4B}.Debug|Any CPU.ActiveCfg = Debug|Any CPU
		{712DD91B-3DFC-4425-B132-22B9E6A50A4B}.Debug|Any CPU.Build.0 = Debug|Any CPU
		{712DD91B-3DFC-4425-B132-22B9E6A50A4B}.Release|Any CPU.ActiveCfg = Release|Any CPU
		{712DD91B-3DFC-4425-B132-22B9E6A50A4B}.Release|Any CPU.Build.0 = Release|Any CPU
		{97B25C89-4B52-42D5-95D3-7CA182755740}.Debug|Any CPU.ActiveCfg = Debug|Any CPU
		{97B25C89-4B52-42D5-95D3-7CA182755740}.Debug|Any CPU.Build.0 = Debug|Any CPU
		{97B25C89-4B52-42D5-95D3-7CA182755740}.Release|Any CPU.ActiveCfg = Release|Any CPU
		{97B25C89-4B52-42D5-95D3-7CA182755740}.Release|Any CPU.Build.0 = Release|Any CPU
		{6B7D0D64-F000-415F-9F81-445742C5529D}.Debug|Any CPU.ActiveCfg = Debug|Any CPU
		{6B7D0D64-F000-415F-9F81-445742C5529D}.Debug|Any CPU.Build.0 = Debug|Any CPU
		{6B7D0D64-F000-415F-9F81-445742C5529D}.Release|Any CPU.ActiveCfg = Release|Any CPU
		{6B7D0D64-F000-415F-9F81-445742C5529D}.Release|Any CPU.Build.0 = Release|Any CPU
	EndGlobalSection
	GlobalSection(SolutionProperties) = preSolution
		HideSolutionNode = FALSE
	EndGlobalSection
	GlobalSection(ExtensibilityGlobals) = postSolution
		SolutionGuid = {550F0EF8-880A-4B56-B942-2579BF1CE7FD}
	EndGlobalSection
EndGlobal
